
Microsoft Visual Studio Solution File, Format Version 12.00
# Visual Studio Version 17
VisualStudioVersion = 17.1.32210.238
MinimumVisualStudioVersion = 10.0.40219.1
Project("{9A19103F-16F7-4668-BE54-9A1E7A4F7556}") = "Conectify.Server", "Conectify\Conectify.Server.csproj", "{0CAFE6A9-0415-4DC6-A281-D62745556945}"
EndProject
Project("{9A19103F-16F7-4668-BE54-9A1E7A4F7556}") = "Conectify.Shared.Library", "Conectify.Shared.Library\Conectify.Shared.Library.csproj", "{B116A840-C040-4876-B4A4-D1C8F467FCCE}"
EndProject
Project("{9A19103F-16F7-4668-BE54-9A1E7A4F7556}") = "Conectify.Database", "Conectify.Database\Conectify.Database.csproj", "{DE72BA94-E533-41EC-94F7-F3FDF3281162}"
EndProject
Project("{2150E333-8FDC-42A3-9474-1A3956D46DE8}") = "Services", "Services", "{20FD029C-CB56-429D-A5D0-D82207D2DD93}"
EndProject
Project("{9A19103F-16F7-4668-BE54-9A1E7A4F7556}") = "Conectify.Services.Automatization", "Services\Conectify.Services.Automatization\Conectify.Services.Automatization.csproj", "{9A336C7F-CD83-473B-9022-AA2DEA28D59F}"
EndProject
Project("{9A19103F-16F7-4668-BE54-9A1E7A4F7556}") = "Conectify.Services.Library", "Services\Conectify.Services.Library\Conectify.Services.Library.csproj", "{1BC764F0-B649-45F0-B69B-64162A6A2524}"
EndProject
Project("{9A19103F-16F7-4668-BE54-9A1E7A4F7556}") = "Conectify.Shared.Services", "Conectify.Shared.Services\Conectify.Shared.Services.csproj", "{F937B829-D202-40A8-BD8E-5055905F1B53}"
EndProject
Project("{9A19103F-16F7-4668-BE54-9A1E7A4F7556}") = "Conectify.Services.ShellyConnector", "Services\Conectify.Services.ShellyConnector\Conectify.Services.ShellyConnector.csproj", "{97403FBB-9B50-4831-8369-1B531BDB900C}"
EndProject
Project("{9A19103F-16F7-4668-BE54-9A1E7A4F7556}") = "Conectify.Shared.Maps", "Conectify.Shared.Maps\Conectify.Shared.Maps.csproj", "{0E11CBC1-608F-4F17-80C2-FE6E34E173AA}"
EndProject
Project("{9A19103F-16F7-4668-BE54-9A1E7A4F7556}") = "Conectify.Service.History", "Services\Conectify.Service.History\Conectify.Service.History.csproj", "{86AF5B44-97AF-4684-A92C-7B94DD2DB50E}"
EndProject
Project("{9A19103F-16F7-4668-BE54-9A1E7A4F7556}") = "Conectify.Services.AQIScraper", "Services\Conectify.Services.AQIScraper\Conectify.Services.AQIScraper.csproj", "{535DA7A2-9D32-41CB-84DA-2DC79DDA5606}"
EndProject
Project("{9A19103F-16F7-4668-BE54-9A1E7A4F7556}") = "Conectify.Services.Library.Test", "Services\Conectify.Services.Library.Test\Conectify.Services.Library.Test.csproj", "{45DE3E9D-EFDA-43C0-ABE2-8EB32E81E0F2}"
EndProject
Project("{9A19103F-16F7-4668-BE54-9A1E7A4F7556}") = "Conectify.Shared.Maps.Test", "Conectify.Shared.Maps.Test\Conectify.Shared.Maps.Test.csproj", "{03A3378F-0D10-42D8-8432-7625E6D224AC}"
EndProject
Project("{9A19103F-16F7-4668-BE54-9A1E7A4F7556}") = "Conectify.Server.Test", "Conectify.Server.Test\Conectify.Server.Test.csproj", "{DE8B113E-3FA5-454C-B968-08DDAAC86485}"
EndProject
Project("{9A19103F-16F7-4668-BE54-9A1E7A4F7556}") = "Conectify.Shared.Services.Test", "Conectify.Shared.Services.Test\Conectify.Shared.Services.Test.csproj", "{2C5C37CC-9411-47E6-B08C-FF9F6CB6A8DF}"
EndProject
Project("{9A19103F-16F7-4668-BE54-9A1E7A4F7556}") = "Conectify.Services.MQTTTasker", "Conectify.Services.MQTTTasker\Conectify.Services.MQTTTasker.csproj", "{159F50B0-3D72-4D6B-961B-5C9ACAC49543}"
EndProject
Project("{9A19103F-16F7-4668-BE54-9A1E7A4F7556}") = "Conectify.Services.OccupancyCheck", "Conectify.Services.OccupancyCheck\Conectify.Services.OccupancyCheck.csproj", "{54C6044E-9EF9-4585-8DE8-327D3336FD57}"
EndProject
Project("{FAE04EC0-301F-11D3-BF4B-00C04F79EFBC}") = "Conectify.Services.Automatization.Test", "Conectify.Services.Automatization.Test\Conectify.Services.Automatization.Test.csproj", "{6215ED67-7CD6-4E4F-A400-9C1DAB584D9B}"
EndProject
Global
	GlobalSection(SolutionConfigurationPlatforms) = preSolution
		Debug|Any CPU = Debug|Any CPU
		Release|Any CPU = Release|Any CPU
	EndGlobalSection
	GlobalSection(ProjectConfigurationPlatforms) = postSolution
		{0CAFE6A9-0415-4DC6-A281-D62745556945}.Debug|Any CPU.ActiveCfg = Debug|Any CPU
		{0CAFE6A9-0415-4DC6-A281-D62745556945}.Debug|Any CPU.Build.0 = Debug|Any CPU
		{0CAFE6A9-0415-4DC6-A281-D62745556945}.Release|Any CPU.ActiveCfg = Release|Any CPU
		{0CAFE6A9-0415-4DC6-A281-D62745556945}.Release|Any CPU.Build.0 = Release|Any CPU
		{B116A840-C040-4876-B4A4-D1C8F467FCCE}.Debug|Any CPU.ActiveCfg = Debug|Any CPU
		{B116A840-C040-4876-B4A4-D1C8F467FCCE}.Debug|Any CPU.Build.0 = Debug|Any CPU
		{B116A840-C040-4876-B4A4-D1C8F467FCCE}.Release|Any CPU.ActiveCfg = Release|Any CPU
		{B116A840-C040-4876-B4A4-D1C8F467FCCE}.Release|Any CPU.Build.0 = Release|Any CPU
		{DE72BA94-E533-41EC-94F7-F3FDF3281162}.Debug|Any CPU.ActiveCfg = Debug|Any CPU
		{DE72BA94-E533-41EC-94F7-F3FDF3281162}.Debug|Any CPU.Build.0 = Debug|Any CPU
		{DE72BA94-E533-41EC-94F7-F3FDF3281162}.Release|Any CPU.ActiveCfg = Release|Any CPU
		{DE72BA94-E533-41EC-94F7-F3FDF3281162}.Release|Any CPU.Build.0 = Release|Any CPU
		{9A336C7F-CD83-473B-9022-AA2DEA28D59F}.Debug|Any CPU.ActiveCfg = Debug|Any CPU
		{9A336C7F-CD83-473B-9022-AA2DEA28D59F}.Debug|Any CPU.Build.0 = Debug|Any CPU
		{9A336C7F-CD83-473B-9022-AA2DEA28D59F}.Release|Any CPU.ActiveCfg = Release|Any CPU
		{9A336C7F-CD83-473B-9022-AA2DEA28D59F}.Release|Any CPU.Build.0 = Release|Any CPU
		{1BC764F0-B649-45F0-B69B-64162A6A2524}.Debug|Any CPU.ActiveCfg = Debug|Any CPU
		{1BC764F0-B649-45F0-B69B-64162A6A2524}.Debug|Any CPU.Build.0 = Debug|Any CPU
		{1BC764F0-B649-45F0-B69B-64162A6A2524}.Release|Any CPU.ActiveCfg = Release|Any CPU
		{1BC764F0-B649-45F0-B69B-64162A6A2524}.Release|Any CPU.Build.0 = Release|Any CPU
		{F937B829-D202-40A8-BD8E-5055905F1B53}.Debug|Any CPU.ActiveCfg = Debug|Any CPU
		{F937B829-D202-40A8-BD8E-5055905F1B53}.Debug|Any CPU.Build.0 = Debug|Any CPU
		{F937B829-D202-40A8-BD8E-5055905F1B53}.Release|Any CPU.ActiveCfg = Release|Any CPU
		{F937B829-D202-40A8-BD8E-5055905F1B53}.Release|Any CPU.Build.0 = Release|Any CPU
		{97403FBB-9B50-4831-8369-1B531BDB900C}.Debug|Any CPU.ActiveCfg = Debug|Any CPU
		{97403FBB-9B50-4831-8369-1B531BDB900C}.Debug|Any CPU.Build.0 = Debug|Any CPU
		{97403FBB-9B50-4831-8369-1B531BDB900C}.Release|Any CPU.ActiveCfg = Release|Any CPU
		{97403FBB-9B50-4831-8369-1B531BDB900C}.Release|Any CPU.Build.0 = Release|Any CPU
		{0E11CBC1-608F-4F17-80C2-FE6E34E173AA}.Debug|Any CPU.ActiveCfg = Debug|Any CPU
		{0E11CBC1-608F-4F17-80C2-FE6E34E173AA}.Debug|Any CPU.Build.0 = Debug|Any CPU
		{0E11CBC1-608F-4F17-80C2-FE6E34E173AA}.Release|Any CPU.ActiveCfg = Release|Any CPU
		{0E11CBC1-608F-4F17-80C2-FE6E34E173AA}.Release|Any CPU.Build.0 = Release|Any CPU
		{86AF5B44-97AF-4684-A92C-7B94DD2DB50E}.Debug|Any CPU.ActiveCfg = Debug|Any CPU
		{86AF5B44-97AF-4684-A92C-7B94DD2DB50E}.Debug|Any CPU.Build.0 = Debug|Any CPU
		{86AF5B44-97AF-4684-A92C-7B94DD2DB50E}.Release|Any CPU.ActiveCfg = Release|Any CPU
		{86AF5B44-97AF-4684-A92C-7B94DD2DB50E}.Release|Any CPU.Build.0 = Release|Any CPU
		{535DA7A2-9D32-41CB-84DA-2DC79DDA5606}.Debug|Any CPU.ActiveCfg = Debug|Any CPU
		{535DA7A2-9D32-41CB-84DA-2DC79DDA5606}.Debug|Any CPU.Build.0 = Debug|Any CPU
		{535DA7A2-9D32-41CB-84DA-2DC79DDA5606}.Release|Any CPU.ActiveCfg = Release|Any CPU
		{535DA7A2-9D32-41CB-84DA-2DC79DDA5606}.Release|Any CPU.Build.0 = Release|Any CPU
		{45DE3E9D-EFDA-43C0-ABE2-8EB32E81E0F2}.Debug|Any CPU.ActiveCfg = Debug|Any CPU
		{45DE3E9D-EFDA-43C0-ABE2-8EB32E81E0F2}.Debug|Any CPU.Build.0 = Debug|Any CPU
		{45DE3E9D-EFDA-43C0-ABE2-8EB32E81E0F2}.Release|Any CPU.ActiveCfg = Release|Any CPU
		{45DE3E9D-EFDA-43C0-ABE2-8EB32E81E0F2}.Release|Any CPU.Build.0 = Release|Any CPU
		{03A3378F-0D10-42D8-8432-7625E6D224AC}.Debug|Any CPU.ActiveCfg = Debug|Any CPU
		{03A3378F-0D10-42D8-8432-7625E6D224AC}.Debug|Any CPU.Build.0 = Debug|Any CPU
		{03A3378F-0D10-42D8-8432-7625E6D224AC}.Release|Any CPU.ActiveCfg = Release|Any CPU
		{03A3378F-0D10-42D8-8432-7625E6D224AC}.Release|Any CPU.Build.0 = Release|Any CPU
		{DE8B113E-3FA5-454C-B968-08DDAAC86485}.Debug|Any CPU.ActiveCfg = Debug|Any CPU
		{DE8B113E-3FA5-454C-B968-08DDAAC86485}.Debug|Any CPU.Build.0 = Debug|Any CPU
		{DE8B113E-3FA5-454C-B968-08DDAAC86485}.Release|Any CPU.ActiveCfg = Release|Any CPU
		{DE8B113E-3FA5-454C-B968-08DDAAC86485}.Release|Any CPU.Build.0 = Release|Any CPU
		{2C5C37CC-9411-47E6-B08C-FF9F6CB6A8DF}.Debug|Any CPU.ActiveCfg = Debug|Any CPU
		{2C5C37CC-9411-47E6-B08C-FF9F6CB6A8DF}.Debug|Any CPU.Build.0 = Debug|Any CPU
		{2C5C37CC-9411-47E6-B08C-FF9F6CB6A8DF}.Release|Any CPU.ActiveCfg = Release|Any CPU
		{2C5C37CC-9411-47E6-B08C-FF9F6CB6A8DF}.Release|Any CPU.Build.0 = Release|Any CPU
		{159F50B0-3D72-4D6B-961B-5C9ACAC49543}.Debug|Any CPU.ActiveCfg = Debug|Any CPU
		{159F50B0-3D72-4D6B-961B-5C9ACAC49543}.Debug|Any CPU.Build.0 = Debug|Any CPU
		{159F50B0-3D72-4D6B-961B-5C9ACAC49543}.Release|Any CPU.ActiveCfg = Release|Any CPU
		{159F50B0-3D72-4D6B-961B-5C9ACAC49543}.Release|Any CPU.Build.0 = Release|Any CPU
		{54C6044E-9EF9-4585-8DE8-327D3336FD57}.Debug|Any CPU.ActiveCfg = Debug|Any CPU
		{54C6044E-9EF9-4585-8DE8-327D3336FD57}.Debug|Any CPU.Build.0 = Debug|Any CPU
		{54C6044E-9EF9-4585-8DE8-327D3336FD57}.Release|Any CPU.ActiveCfg = Release|Any CPU
		{54C6044E-9EF9-4585-8DE8-327D3336FD57}.Release|Any CPU.Build.0 = Release|Any CPU
		{6215ED67-7CD6-4E4F-A400-9C1DAB584D9B}.Debug|Any CPU.ActiveCfg = Debug|Any CPU
		{6215ED67-7CD6-4E4F-A400-9C1DAB584D9B}.Debug|Any CPU.Build.0 = Debug|Any CPU
		{6215ED67-7CD6-4E4F-A400-9C1DAB584D9B}.Release|Any CPU.ActiveCfg = Release|Any CPU
		{6215ED67-7CD6-4E4F-A400-9C1DAB584D9B}.Release|Any CPU.Build.0 = Release|Any CPU
	EndGlobalSection
	GlobalSection(SolutionProperties) = preSolution
		HideSolutionNode = FALSE
	EndGlobalSection
	GlobalSection(NestedProjects) = preSolution
		{9A336C7F-CD83-473B-9022-AA2DEA28D59F} = {20FD029C-CB56-429D-A5D0-D82207D2DD93}
		{1BC764F0-B649-45F0-B69B-64162A6A2524} = {20FD029C-CB56-429D-A5D0-D82207D2DD93}
		{97403FBB-9B50-4831-8369-1B531BDB900C} = {20FD029C-CB56-429D-A5D0-D82207D2DD93}
		{86AF5B44-97AF-4684-A92C-7B94DD2DB50E} = {20FD029C-CB56-429D-A5D0-D82207D2DD93}
		{535DA7A2-9D32-41CB-84DA-2DC79DDA5606} = {20FD029C-CB56-429D-A5D0-D82207D2DD93}
		{45DE3E9D-EFDA-43C0-ABE2-8EB32E81E0F2} = {20FD029C-CB56-429D-A5D0-D82207D2DD93}
		{159F50B0-3D72-4D6B-961B-5C9ACAC49543} = {20FD029C-CB56-429D-A5D0-D82207D2DD93}
		{54C6044E-9EF9-4585-8DE8-327D3336FD57} = {20FD029C-CB56-429D-A5D0-D82207D2DD93}
		{6215ED67-7CD6-4E4F-A400-9C1DAB584D9B} = {20FD029C-CB56-429D-A5D0-D82207D2DD93}
	EndGlobalSection
	GlobalSection(ExtensibilityGlobals) = postSolution
		SolutionGuid = {8FA87F6A-B445-42C3-A638-EF179381A732}
	EndGlobalSection
EndGlobal
